
Microsoft Visual Studio Solution File, Format Version 12.00
# Visual Studio 15
VisualStudioVersion = 15.0.27703.2035
MinimumVisualStudioVersion = 10.0.40219.1
Project("{FAE04EC0-301F-11D3-BF4B-00C04F79EFBC}") = "EmployeeManagement", "EmployeeManagement\EmployeeManagement.csproj", "{7ED5A188-4F90-4317-A083-A2F1F793812A}"
EndProject
Global
	GlobalSection(SolutionConfigurationPlatforms) = preSolution
		Debug|Any CPU = Debug|Any CPU
		Release|Any CPU = Release|Any CPU
	EndGlobalSection
	GlobalSection(ProjectConfigurationPlatforms) = postSolution
		{7ED5A188-4F90-4317-A083-A2F1F793812A}.Debug|Any CPU.ActiveCfg = Debug|Any CPU
		{7ED5A188-4F90-4317-A083-A2F1F793812A}.Debug|Any CPU.Build.0 = Debug|Any CPU
		{7ED5A188-4F90-4317-A083-A2F1F793812A}.Release|Any CPU.ActiveCfg = Release|Any CPU
		{7ED5A188-4F90-4317-A083-A2F1F793812A}.Release|Any CPU.Build.0 = Release|Any CPU
	EndGlobalSection
	GlobalSection(SolutionProperties) = preSolution
		HideSolutionNode = FALSE
	EndGlobalSection
	GlobalSection(ExtensibilityGlobals) = postSolution
		SolutionGuid = {FD5E0449-50A4-4D70-ABD3-DBE9DC79CD51}
	EndGlobalSection
EndGlobal
